Microsoft Visual Studio Solution File, Format Version 12.00
# Visual Studio 2012
Project("{FAE04EC0-301F-11D3-BF4B-00C04F79EFBC}") = "SnekSweeper", "src\SnekSweeper\SnekSweeper.csproj", "{DB9433F5-2972-4EA2-8D61-6DE347022037}"
EndProject
Project("{2150E333-8FDC-42A3-9474-1A3956D46DE8}") = "src", "src", "{440CF708-366C-43D5-B290-D6DE5324CD3D}"
EndProject
Project("{2150E333-8FDC-42A3-9474-1A3956D46DE8}") = "tests", "tests", "{54698C6D-D78D-41BB-BA35-49469AFE6C61}"
EndProject
Global
	GlobalSection(SolutionConfigurationPlatforms) = preSolution
	Debug|Any CPU = Debug|Any CPU
	ExportDebug|Any CPU = ExportDebug|Any CPU
	ExportRelease|Any CPU = ExportRelease|Any CPU
	EndGlobalSection
	GlobalSection(ProjectConfigurationPlatforms) = postSolution
		{DB9433F5-2972-4EA2-8D61-6DE347022037}.Debug|Any CPU.ActiveCfg = Debug|Any CPU
		{DB9433F5-2972-4EA2-8D61-6DE347022037}.Debug|Any CPU.Build.0 = Debug|Any CPU
		{DB9433F5-2972-4EA2-8D61-6DE347022037}.ExportDebug|Any CPU.ActiveCfg = ExportDebug|Any CPU
		{DB9433F5-2972-4EA2-8D61-6DE347022037}.ExportDebug|Any CPU.Build.0 = ExportDebug|Any CPU
		{DB9433F5-2972-4EA2-8D61-6DE347022037}.ExportRelease|Any CPU.ActiveCfg = ExportRelease|Any CPU
		{DB9433F5-2972-4EA2-8D61-6DE347022037}.ExportRelease|Any CPU.Build.0 = ExportRelease|Any CPU
	EndGlobalSection
	GlobalSection(NestedProjects) = preSolution
		{DB9433F5-2972-4EA2-8D61-6DE347022037} = {440CF708-366C-43D5-B290-D6DE5324CD3D}
	EndGlobalSection
EndGlobal
